
Microsoft Visual Studio Solution File, Format Version 12.00
# Visual Studio Version 17
VisualStudioVersion = 17.6.33815.320
MinimumVisualStudioVersion = 10.0.40219.1
Project("{8BC9CEB8-8B4A-11D0-8D11-00A0C91BC942}") = "game1", "game1.vcxproj", "{57CC71DA-F4D7-40B1-9B21-A5F43582069B}"
EndProject
Global
	GlobalSection(SolutionConfigurationPlatforms) = preSolution
		Debug|x64 = Debug|x64
		Debug|x86 = Debug|x86
		Release|x64 = Release|x64
		Release|x86 = Release|x86
	EndGlobalSection
	GlobalSection(ProjectConfigurationPlatforms) = postSolution
		{57CC71DA-F4D7-40B1-9B21-A5F43582069B}.Debug|x64.ActiveCfg = Debug|x64
		{57CC71DA-F4D7-40B1-9B21-A5F43582069B}.Debug|x64.Build.0 = Debug|x64
		{57CC71DA-F4D7-40B1-9B21-A5F43582069B}.Debug|x86.ActiveCfg = Debug|Win32
		{57CC71DA-F4D7-40B1-9B21-A5F43582069B}.Debug|x86.Build.0 = Debug|Win32
		{57CC71DA-F4D7-40B1-9B21-A5F43582069B}.Release|x64.ActiveCfg = Release|x64
		{57CC71DA-F4D7-40B1-9B21-A5F43582069B}.Release|x64.Build.0 = Release|x64
		{57CC71DA-F4D7-40B1-9B21-A5F43582069B}.Release|x86.ActiveCfg = Release|Win32
		{57CC71DA-F4D7-40B1-9B21-A5F43582069B}.Release|x86.Build.0 = Release|Win32
	EndGlobalSection
	GlobalSection(SolutionProperties) = preSolution
		HideSolutionNode = FALSE
	EndGlobalSection
	GlobalSection(ExtensibilityGlobals) = postSolution
		SolutionGuid = {CFE6A45C-C2CA-4A06-BCFA-B3A8C6144CB8}
	EndGlobalSection
EndGlobal
